// !$*UTF8*$!
{
	archiveVersion = 1;
	classes = {
	};
	objectVersion = 51;
	objects = {

/* Begin PBXBuildFile section */
		058C3B400B376DEA26A5C73D /* Pods_Parstagram.framework in Frameworks */ = {isa = PBXBuildFile; fileRef = 29296452AA9AC3FCDD6E2F99 /* Pods_Parstagram.framework */; };
		23245CFA25FC6F72008E690E /* CameraViewController.swift in Sources */ = {isa = PBXBuildFile; fileRef = 23245CF925FC6F72008E690E /* CameraViewController.swift */; };
		23245D1325FC7BF7008E690E /* PostCell.swift in Sources */ = {isa = PBXBuildFile; fileRef = 23245D1225FC7BF7008E690E /* PostCell.swift */; };
		235BDD5B260571FD0048E205 /* CommentCell.swift in Sources */ = {isa = PBXBuildFile; fileRef = 235BDD5A260571FD0048E205 /* CommentCell.swift */; };
		23934E6925FC44DE000461FB /* AppDelegate.swift in Sources */ = {isa = PBXBuildFile; fileRef = 23934E6825FC44DE000461FB /* AppDelegate.swift */; };
		23934E6B25FC44DE000461FB /* SceneDelegate.swift in Sources */ = {isa = PBXBuildFile; fileRef = 23934E6A25FC44DE000461FB /* SceneDelegate.swift */; };
		23934E7025FC44DE000461FB /* Main.storyboard in Resources */ = {isa = PBXBuildFile; fileRef = 23934E6E25FC44DE000461FB /* Main.storyboard */; };
		23934E7225FC44DF000461FB /* Assets.xcassets in Resources */ = {isa = PBXBuildFile; fileRef = 23934E7125FC44DF000461FB /* Assets.xcassets */; };
		23934E7525FC44DF000461FB /* LaunchScreen.storyboard in Resources */ = {isa = PBXBuildFile; fileRef = 23934E7325FC44DF000461FB /* LaunchScreen.storyboard */; };
		23934E8025FC44DF000461FB /* ParstagramTests.swift in Sources */ = {isa = PBXBuildFile; fileRef = 23934E7F25FC44DF000461FB /* ParstagramTests.swift */; };
		23934E8B25FC44DF000461FB /* ParstagramUITests.swift in Sources */ = {isa = PBXBuildFile; fileRef = 23934E8A25FC44DF000461FB /* ParstagramUITests.swift */; };
		23FD54AD25FC490C00A2A427 /* LoginViewController.swift in Sources */ = {isa = PBXBuildFile; fileRef = 23FD54AC25FC490C00A2A427 /* LoginViewController.swift */; };
		23FD54B225FC491800A2A427 /* FeedViewController.swift in Sources */ = {isa = PBXBuildFile; fileRef = 23FD54B125FC491800A2A427 /* FeedViewController.swift */; };
		5082F2D2861E7507B0806733 /* Pods_ParstagramTests.framework in Frameworks */ = {isa = PBXBuildFile; fileRef = EF1632BA6297A21AE4145C36 /* Pods_ParstagramTests.framework */; };
		C17AAD19094A3AE24ADA31CC /* Pods_Parstagram_ParstagramUITests.framework in Frameworks */ = {isa = PBXBuildFile; fileRef = 3C8E091BDDDB9C6E652D3E55 /* Pods_Parstagram_ParstagramUITests.framework */; };
/* End PBXBuildFile section */

/* Begin PBXContainerItemProxy section */
		23934E7C25FC44DF000461FB /* PBXContainerItemProxy */ = {
			isa = PBXContainerItemProxy;
			containerPortal = 23934E5D25FC44DE000461FB /* Project object */;
			proxyType = 1;
			remoteGlobalIDString = 23934E6425FC44DE000461FB;
			remoteInfo = Parstagram;
		};
		23934E8725FC44DF000461FB /* PBXContainerItemProxy */ = {
			isa = PBXContainerItemProxy;
			containerPortal = 23934E5D25FC44DE000461FB /* Project object */;
			proxyType = 1;
			remoteGlobalIDString = 23934E6425FC44DE000461FB;
			remoteInfo = Parstagram;
		};
/* End PBXContainerItemProxy section */

/* Begin PBXFileReference section */
		23245CF925FC6F72008E690E /* CameraViewController.swift */ = {isa = PBXFileReference; lastKnownFileType = sourcecode.swift; path = CameraViewController.swift; sourceTree = "<group>"; };
		23245D1225FC7BF7008E690E /* PostCell.swift */ = {isa = PBXFileReference; lastKnownFileType = sourcecode.swift; path = PostCell.swift; sourceTree = "<group>"; };
		235BDD5A260571FD0048E205 /* CommentCell.swift */ = {isa = PBXFileReference; lastKnownFileType = sourcecode.swift; path = CommentCell.swift; sourceTree = "<group>"; };
		23934E6525FC44DE000461FB /* Parstagram.app */ = {isa = PBXFileReference; explicitFileType = wrapper.application; includeInIndex = 0; path = Parstagram.app; sourceTree = BUILT_PRODUCTS_DIR; };
		23934E6825FC44DE000461FB /* AppDelegate.swift */ = {isa = PBXFileReference; lastKnownFileType = sourcecode.swift; path = AppDelegate.swift; sourceTree = "<group>"; };
		23934E6A25FC44DE000461FB /* SceneDelegate.swift */ = {isa = PBXFileReference; lastKnownFileType = sourcecode.swift; path = SceneDelegate.swift; sourceTree = "<group>"; };
		23934E6F25FC44DE000461FB /* Base */ = {isa = PBXFileReference; lastKnownFileType = file.storyboard; name = Base; path = Base.lproj/Main.storyboard; sourceTree = "<group>"; };
		23934E7125FC44DF000461FB /* Assets.xcassets */ = {isa = PBXFileReference; lastKnownFileType = folder.assetcatalog; path = Assets.xcassets; sourceTree = "<group>"; };
		23934E7425FC44DF000461FB /* Base */ = {isa = PBXFileReference; lastKnownFileType = file.storyboard; name = Base; path = Base.lproj/LaunchScreen.storyboard; sourceTree = "<group>"; };
		23934E7625FC44DF000461FB /* Info.plist */ = {isa = PBXFileReference; lastKnownFileType = text.plist.xml; path = Info.plist; sourceTree = "<group>"; };
		23934E7B25FC44DF000461FB /* ParstagramTests.xctest */ = {isa = PBXFileReference; explicitFileType = wrapper.cfbundle; includeInIndex = 0; path = ParstagramTests.xctest; sourceTree = BUILT_PRODUCTS_DIR; };
		23934E7F25FC44DF000461FB /* ParstagramTests.swift */ = {isa = PBXFileReference; lastKnownFileType = sourcecode.swift; path = ParstagramTests.swift; sourceTree = "<group>"; };
		23934E8125FC44DF000461FB /* Info.plist */ = {isa = PBXFileReference; lastKnownFileType = text.plist.xml; path = Info.plist; sourceTree = "<group>"; };
		23934E8625FC44DF000461FB /* ParstagramUITests.xctest */ = {isa = PBXFileReference; explicitFileType = wrapper.cfbundle; includeInIndex = 0; path = ParstagramUITests.xctest; sourceTree = BUILT_PRODUCTS_DIR; };
		23934E8A25FC44DF000461FB /* ParstagramUITests.swift */ = {isa = PBXFileReference; lastKnownFileType = sourcecode.swift; path = ParstagramUITests.swift; sourceTree = "<group>"; };
		23934E8C25FC44DF000461FB /* Info.plist */ = {isa = PBXFileReference; lastKnownFileType = text.plist.xml; path = Info.plist; sourceTree = "<group>"; };
		23FD54AC25FC490C00A2A427 /* LoginViewController.swift */ = {isa = PBXFileReference; lastKnownFileType = sourcecode.swift; path = LoginViewController.swift; sourceTree = "<group>"; };
		23FD54B125FC491800A2A427 /* FeedViewController.swift */ = {isa = PBXFileReference; lastKnownFileType = sourcecode.swift; path = FeedViewController.swift; sourceTree = "<group>"; };
		29296452AA9AC3FCDD6E2F99 /* Pods_Parstagram.framework */ = {isa = PBXFileReference; explicitFileType = wrapper.framework; includeInIndex = 0; path = Pods_Parstagram.framework; sourceTree = BUILT_PRODUCTS_DIR; };
		306E849E67A8DEBA8B4DABFF /* Pods-ParstagramTests.release.xcconfig */ = {isa = PBXFileReference; includeInIndex = 1; lastKnownFileType = text.xcconfig; name = "Pods-ParstagramTests.release.xcconfig"; path = "Target Support Files/Pods-ParstagramTests/Pods-ParstagramTests.release.xcconfig"; sourceTree = "<group>"; };
		3C8E091BDDDB9C6E652D3E55 /* Pods_Parstagram_ParstagramUITests.framework */ = {isa = PBXFileReference; explicitFileType = wrapper.framework; includeInIndex = 0; path = Pods_Parstagram_ParstagramUITests.framework; sourceTree = BUILT_PRODUCTS_DIR; };
		480D0BC2F1AC5C91F6C21309 /* Pods-Parstagram.release.xcconfig */ = {isa = PBXFileReference; includeInIndex = 1; lastKnownFileType = text.xcconfig; name = "Pods-Parstagram.release.xcconfig"; path = "Target Support Files/Pods-Parstagram/Pods-Parstagram.release.xcconfig"; sourceTree = "<group>"; };
		6F4EDE7912367D80205AF53C /* Pods-Parstagram-ParstagramUITests.release.xcconfig */ = {isa = PBXFileReference; includeInIndex = 1; lastKnownFileType = text.xcconfig; name = "Pods-Parstagram-ParstagramUITests.release.xcconfig"; path = "Target Support Files/Pods-Parstagram-ParstagramUITests/Pods-Parstagram-ParstagramUITests.release.xcconfig"; sourceTree = "<group>"; };
		700D6D60FCD9E3EC1D4C547B /* Pods-Parstagram-ParstagramUITests.debug.xcconfig */ = {isa = PBXFileReference; includeInIndex = 1; lastKnownFileType = text.xcconfig; name = "Pods-Parstagram-ParstagramUITests.debug.xcconfig"; path = "Target Support Files/Pods-Parstagram-ParstagramUITests/Pods-Parstagram-ParstagramUITests.debug.xcconfig"; sourceTree = "<group>"; };
		711C7C3E045B00285EA89138 /* Pods-Parstagram.debug.xcconfig */ = {isa = PBXFileReference; includeInIndex = 1; lastKnownFileType = text.xcconfig; name = "Pods-Parstagram.debug.xcconfig"; path = "Target Support Files/Pods-Parstagram/Pods-Parstagram.debug.xcconfig"; sourceTree = "<group>"; };
		EC656B0EA61520B669471F18 /* Pods-ParstagramTests.debug.xcconfig */ = {isa = PBXFileReference; includeInIndex = 1; lastKnownFileType = text.xcconfig; name = "Pods-ParstagramTests.debug.xcconfig"; path = "Target Support Files/Pods-ParstagramTests/Pods-ParstagramTests.debug.xcconfig"; sourceTree = "<group>"; };
		EF1632BA6297A21AE4145C36 /* Pods_ParstagramTests.framework */ = {isa = PBXFileReference; explicitFileType = wrapper.framework; includeInIndex = 0; path = Pods_ParstagramTests.framework; sourceTree = BUILT_PRODUCTS_DIR; };
/* End PBXFileReference section */

/* Begin PBXFrameworksBuildPhase section */
		23934E6225FC44DE000461FB /* Frameworks */ = {
			isa = PBXFrameworksBuildPhase;
			buildActionMask = 2147483647;
			files = (
				058C3B400B376DEA26A5C73D /* Pods_Parstagram.framework in Frameworks */,
			);
			runOnlyForDeploymentPostprocessing = 0;
		};
		23934E7825FC44DF000461FB /* Frameworks */ = {
			isa = PBXFrameworksBuildPhase;
			buildActionMask = 2147483647;
			files = (
				5082F2D2861E7507B0806733 /* Pods_ParstagramTests.framework in Frameworks */,
			);
			runOnlyForDeploymentPostprocessing = 0;
		};
		23934E8325FC44DF000461FB /* Frameworks */ = {
			isa = PBXFrameworksBuildPhase;
			buildActionMask = 2147483647;
			files = (
				C17AAD19094A3AE24ADA31CC /* Pods_Parstagram_ParstagramUITests.framework in Frameworks */,
			);
			runOnlyForDeploymentPostprocessing = 0;
		};
/* End PBXFrameworksBuildPhase section */

/* Begin PBXGroup section */
		101BC282BC454CE291908FB9 /* Pods */ = {
			isa = PBXGroup;
			children = (
				711C7C3E045B00285EA89138 /* Pods-Parstagram.debug.xcconfig */,
				480D0BC2F1AC5C91F6C21309 /* Pods-Parstagram.release.xcconfig */,
				700D6D60FCD9E3EC1D4C547B /* Pods-Parstagram-ParstagramUITests.debug.xcconfig */,
				6F4EDE7912367D80205AF53C /* Pods-Parstagram-ParstagramUITests.release.xcconfig */,
				EC656B0EA61520B669471F18 /* Pods-ParstagramTests.debug.xcconfig */,
				306E849E67A8DEBA8B4DABFF /* Pods-ParstagramTests.release.xcconfig */,
			);
			path = Pods;
			sourceTree = "<group>";
		};
		23934E5C25FC44DE000461FB = {
			isa = PBXGroup;
			children = (
				23934E6725FC44DE000461FB /* Parstagram */,
				23934E7E25FC44DF000461FB /* ParstagramTests */,
				23934E8925FC44DF000461FB /* ParstagramUITests */,
				23934E6625FC44DE000461FB /* Products */,
				101BC282BC454CE291908FB9 /* Pods */,
				60344738BF368A8B2CEC51A7 /* Frameworks */,
			);
			sourceTree = "<group>";
		};
		23934E6625FC44DE000461FB /* Products */ = {
			isa = PBXGroup;
			children = (
				23934E6525FC44DE000461FB /* Parstagram.app */,
				23934E7B25FC44DF000461FB /* ParstagramTests.xctest */,
				23934E8625FC44DF000461FB /* ParstagramUITests.xctest */,
			);
			name = Products;
			sourceTree = "<group>";
		};
		23934E6725FC44DE000461FB /* Parstagram */ = {
			isa = PBXGroup;
			children = (
				23934E6825FC44DE000461FB /* AppDelegate.swift */,
				23934E6A25FC44DE000461FB /* SceneDelegate.swift */,
				23934E6E25FC44DE000461FB /* Main.storyboard */,
				23934E7125FC44DF000461FB /* Assets.xcassets */,
				23934E7325FC44DF000461FB /* LaunchScreen.storyboard */,
				23934E7625FC44DF000461FB /* Info.plist */,
				23FD54AC25FC490C00A2A427 /* LoginViewController.swift */,
				23FD54B125FC491800A2A427 /* FeedViewController.swift */,
				23245CF925FC6F72008E690E /* CameraViewController.swift */,
				23245D1225FC7BF7008E690E /* PostCell.swift */,
				235BDD5A260571FD0048E205 /* CommentCell.swift */,
			);
			path = Parstagram;
			sourceTree = "<group>";
		};
		23934E7E25FC44DF000461FB /* ParstagramTests */ = {
			isa = PBXGroup;
			children = (
				23934E7F25FC44DF000461FB /* ParstagramTests.swift */,
				23934E8125FC44DF000461FB /* Info.plist */,
			);
			path = ParstagramTests;
			sourceTree = "<group>";
		};
		23934E8925FC44DF000461FB /* ParstagramUITests */ = {
			isa = PBXGroup;
			children = (
				23934E8A25FC44DF000461FB /* ParstagramUITests.swift */,
				23934E8C25FC44DF000461FB /* Info.plist */,
			);
			path = ParstagramUITests;
			sourceTree = "<group>";
		};
		60344738BF368A8B2CEC51A7 /* Frameworks */ = {
			isa = PBXGroup;
			children = (
				29296452AA9AC3FCDD6E2F99 /* Pods_Parstagram.framework */,
				3C8E091BDDDB9C6E652D3E55 /* Pods_Parstagram_ParstagramUITests.framework */,
				EF1632BA6297A21AE4145C36 /* Pods_ParstagramTests.framework */,
			);
			name = Frameworks;
			sourceTree = "<group>";
		};
/* End PBXGroup section */

/* Begin PBXNativeTarget section */
		23934E6425FC44DE000461FB /* Parstagram */ = {
			isa = PBXNativeTarget;
			buildConfigurationList = 23934E8F25FC44DF000461FB /* Build configuration list for PBXNativeTarget "Parstagram" */;
			buildPhases = (
				3648B7B6925C2DA7F48F4E4C /* [CP] Check Pods Manifest.lock */,
				23934E6125FC44DE000461FB /* Sources */,
				23934E6225FC44DE000461FB /* Frameworks */,
				23934E6325FC44DE000461FB /* Resources */,
				9CE15B9A89D4FE0CB6876F99 /* [CP] Embed Pods Frameworks */,
			);
			buildRules = (
			);
			dependencies = (
			);
			name = Parstagram;
			productName = Parstagram;
			productReference = 23934E6525FC44DE000461FB /* Parstagram.app */;
			productType = "com.apple.product-type.application";
		};
		23934E7A25FC44DF000461FB /* ParstagramTests */ = {
			isa = PBXNativeTarget;
			buildConfigurationList = 23934E9225FC44DF000461FB /* Build configuration list for PBXNativeTarget "ParstagramTests" */;
			buildPhases = (
				799D1CACF4BA0EE9E4D015A1 /* [CP] Check Pods Manifest.lock */,
				23934E7725FC44DF000461FB /* Sources */,
				23934E7825FC44DF000461FB /* Frameworks */,
				23934E7925FC44DF000461FB /* Resources */,
			);
			buildRules = (
			);
			dependencies = (
				23934E7D25FC44DF000461FB /* PBXTargetDependency */,
			);
			name = ParstagramTests;
			productName = ParstagramTests;
			productReference = 23934E7B25FC44DF000461FB /* ParstagramTests.xctest */;
			productType = "com.apple.product-type.bundle.unit-test";
		};
		23934E8525FC44DF000461FB /* ParstagramUITests */ = {
			isa = PBXNativeTarget;
			buildConfigurationList = 23934E9525FC44DF000461FB /* Build configuration list for PBXNativeTarget "ParstagramUITests" */;
			buildPhases = (
				80D89ED5DD1C9C595372AE46 /* [CP] Check Pods Manifest.lock */,
				23934E8225FC44DF000461FB /* Sources */,
				23934E8325FC44DF000461FB /* Frameworks */,
				23934E8425FC44DF000461FB /* Resources */,
				3A4DBDF054515997A63E6778 /* [CP] Embed Pods Frameworks */,
			);
			buildRules = (
			);
			dependencies = (
				23934E8825FC44DF000461FB /* PBXTargetDependency */,
			);
			name = ParstagramUITests;
			productName = ParstagramUITests;
			productReference = 23934E8625FC44DF000461FB /* ParstagramUITests.xctest */;
			productType = "com.apple.product-type.bundle.ui-testing";
		};
/* End PBXNativeTarget section */

/* Begin PBXProject section */
		23934E5D25FC44DE000461FB /* Project object */ = {
			isa = PBXProject;
			attributes = {
				LastSwiftUpdateCheck = 1240;
				LastUpgradeCheck = 1240;
				TargetAttributes = {
					23934E6425FC44DE000461FB = {
						CreatedOnToolsVersion = 12.4;
					};
					23934E7A25FC44DF000461FB = {
						CreatedOnToolsVersion = 12.4;
						TestTargetID = 23934E6425FC44DE000461FB;
					};
					23934E8525FC44DF000461FB = {
						CreatedOnToolsVersion = 12.4;
						TestTargetID = 23934E6425FC44DE000461FB;
					};
				};
			};
			buildConfigurationList = 23934E6025FC44DE000461FB /* Build configuration list for PBXProject "Parstagram" */;
			compatibilityVersion = "Xcode 9.3";
			developmentRegion = en;
			hasScannedForEncodings = 0;
			knownRegions = (
				en,
				Base,
			);
			mainGroup = 23934E5C25FC44DE000461FB;
			productRefGroup = 23934E6625FC44DE000461FB /* Products */;
			projectDirPath = "";
			projectRoot = "";
			targets = (
				23934E6425FC44DE000461FB /* Parstagram */,
				23934E7A25FC44DF000461FB /* ParstagramTests */,
				23934E8525FC44DF000461FB /* ParstagramUITests */,
			);
		};
/* End PBXProject section */

/* Begin PBXResourcesBuildPhase section */
		23934E6325FC44DE000461FB /* Resources */ = {
			isa = PBXResourcesBuildPhase;
			buildActionMask = 2147483647;
			files = (
				23934E7525FC44DF000461FB /* LaunchScreen.storyboard in Resources */,
				23934E7225FC44DF000461FB /* Assets.xcassets in Resources */,
				23934E7025FC44DE000461FB /* Main.storyboard in Resources */,
			);
			runOnlyForDeploymentPostprocessing = 0;
		};
		23934E7925FC44DF000461FB /* Resources */ = {
			isa = PBXResourcesBuildPhase;
			buildActionMask = 2147483647;
			files = (
			);
			runOnlyForDeploymentPostprocessing = 0;
		};
		23934E8425FC44DF000461FB /* Resources */ = {
			isa = PBXResourcesBuildPhase;
			buildActionMask = 2147483647;
			files = (
			);
			runOnlyForDeploymentPostprocessing = 0;
		};
/* End PBXResourcesBuildPhase section */

/* Begin PBXShellScriptBuildPhase section */
		3648B7B6925C2DA7F48F4E4C /* [CP] Check Pods Manifest.lock */ = {
			isa = PBXShellScriptBuildPhase;
			buildActionMask = 2147483647;
			files = (
			);
			inputFileListPaths = (
			);
			inputPaths = (
				"${PODS_PODFILE_DIR_PATH}/Podfile.lock",
				"${PODS_ROOT}/Manifest.lock",
			);
			name = "[CP] Check Pods Manifest.lock";
			outputFileListPaths = (
			);
			outputPaths = (
				"$(DERIVED_FILE_DIR)/Pods-Parstagram-checkManifestLockResult.txt",
			);
			runOnlyForDeploymentPostprocessing = 0;
			shellPath = /bin/sh;
			shellScript = "diff \"${PODS_PODFILE_DIR_PATH}/Podfile.lock\" \"${PODS_ROOT}/Manifest.lock\" > /dev/null\nif [ $? != 0 ] ; then\n    # print error to STDERR\n    echo \"error: The sandbox is not in sync with the Podfile.lock. Run 'pod install' or update your CocoaPods installation.\" >&2\n    exit 1\nfi\n# This output is used by Xcode 'outputs' to avoid re-running this script phase.\necho \"SUCCESS\" > \"${SCRIPT_OUTPUT_FILE_0}\"\n";
			showEnvVarsInLog = 0;
		};
		3A4DBDF054515997A63E6778 /* [CP] Embed Pods Frameworks */ = {
			isa = PBXShellScriptBuildPhase;
			buildActionMask = 2147483647;
			files = (
			);
			inputFileListPaths = (
				"${PODS_ROOT}/Target Support Files/Pods-Parstagram-ParstagramUITests/Pods-Parstagram-ParstagramUITests-frameworks-${CONFIGURATION}-input-files.xcfilelist",
			);
			name = "[CP] Embed Pods Frameworks";
			outputFileListPaths = (
				"${PODS_ROOT}/Target Support Files/Pods-Parstagram-ParstagramUITests/Pods-Parstagram-ParstagramUITests-frameworks-${CONFIGURATION}-output-files.xcfilelist",
			);
			runOnlyForDeploymentPostprocessing = 0;
			shellPath = /bin/sh;
			shellScript = "\"${PODS_ROOT}/Target Support Files/Pods-Parstagram-ParstagramUITests/Pods-Parstagram-ParstagramUITests-frameworks.sh\"\n";
			showEnvVarsInLog = 0;
		};
		799D1CACF4BA0EE9E4D015A1 /* [CP] Check Pods Manifest.lock */ = {
			isa = PBXShellScriptBuildPhase;
			buildActionMask = 2147483647;
			files = (
			);
			inputFileListPaths = (
			);
			inputPaths = (
				"${PODS_PODFILE_DIR_PATH}/Podfile.lock",
				"${PODS_ROOT}/Manifest.lock",
			);
			name = "[CP] Check Pods Manifest.lock";
			outputFileListPaths = (
			);
			outputPaths = (
				"$(DERIVED_FILE_DIR)/Pods-ParstagramTests-checkManifestLockResult.txt",
			);
			runOnlyForDeploymentPostprocessing = 0;
			shellPath = /bin/sh;
			shellScript = "diff \"${PODS_PODFILE_DIR_PATH}/Podfile.lock\" \"${PODS_ROOT}/Manifest.lock\" > /dev/null\nif [ $? != 0 ] ; then\n    # print error to STDERR\n    echo \"error: The sandbox is not in sync with the Podfile.lock. Run 'pod install' or update your CocoaPods installation.\" >&2\n    exit 1\nfi\n# This output is used by Xcode 'outputs' to avoid re-running this script phase.\necho \"SUCCESS\" > \"${SCRIPT_OUTPUT_FILE_0}\"\n";
			showEnvVarsInLog = 0;
		};
		80D89ED5DD1C9C595372AE46 /* [CP] Check Pods Manifest.lock */ = {
			isa = PBXShellScriptBuildPhase;
			buildActionMask = 2147483647;
			files = (
			);
			inputFileListPaths = (
			);
			inputPaths = (
				"${PODS_PODFILE_DIR_PATH}/Podfile.lock",
				"${PODS_ROOT}/Manifest.lock",
			);
			name = "[CP] Check Pods Manifest.lock";
			outputFileListPaths = (
			);
			outputPaths = (
				"$(DERIVED_FILE_DIR)/Pods-Parstagram-ParstagramUITests-checkManifestLockResult.txt",
			);
			runOnlyForDeploymentPostprocessing = 0;
			shellPath = /bin/sh;
			shellScript = "diff \"${PODS_PODFILE_DIR_PATH}/Podfile.lock\" \"${PODS_ROOT}/Manifest.lock\" > /dev/null\nif [ $? != 0 ] ; then\n    # print error to STDERR\n    echo \"error: The sandbox is not in sync with the Podfile.lock. Run 'pod install' or update your CocoaPods installation.\" >&2\n    exit 1\nfi\n# This output is used by Xcode 'outputs' to avoid re-running this script phase.\necho \"SUCCESS\" > \"${SCRIPT_OUTPUT_FILE_0}\"\n";
			showEnvVarsInLog = 0;
		};
		9CE15B9A89D4FE0CB6876F99 /* [CP] Embed Pods Frameworks */ = {
			isa = PBXShellScriptBuildPhase;
			buildActionMask = 2147483647;
			files = (
			);
			inputFileListPaths = (
				"${PODS_ROOT}/Target Support Files/Pods-Parstagram/Pods-Parstagram-frameworks-${CONFIGURATION}-input-files.xcfilelist",
			);
			name = "[CP] Embed Pods Frameworks";
			outputFileListPaths = (
				"${PODS_ROOT}/Target Support Files/Pods-Parstagram/Pods-Parstagram-frameworks-${CONFIGURATION}-output-files.xcfilelist",
			);
			runOnlyForDeploymentPostprocessing = 0;
			shellPath = /bin/sh;
			shellScript = "\"${PODS_ROOT}/Target Support Files/Pods-Parstagram/Pods-Parstagram-frameworks.sh\"\n";
			showEnvVarsInLog = 0;
		};
/* End PBXShellScriptBuildPhase section */

/* Begin PBXSourcesBuildPhase section */
		23934E6125FC44DE000461FB /* Sources */ = {
			isa = PBXSourcesBuildPhase;
			buildActionMask = 2147483647;
			files = (
				23FD54AD25FC490C00A2A427 /* LoginViewController.swift in Sources */,
				23245CFA25FC6F72008E690E /* CameraViewController.swift in Sources */,
				23934E6925FC44DE000461FB /* AppDelegate.swift in Sources */,
				23FD54B225FC491800A2A427 /* FeedViewController.swift in Sources */,
				23934E6B25FC44DE000461FB /* SceneDelegate.swift in Sources */,
				23245D1325FC7BF7008E690E /* PostCell.swift in Sources */,
				235BDD5B260571FD0048E205 /* CommentCell.swift in Sources */,
			);
			runOnlyForDeploymentPostprocessing = 0;
		};
		23934E7725FC44DF000461FB /* Sources */ = {
			isa = PBXSourcesBuildPhase;
			buildActionMask = 2147483647;
			files = (
				23934E8025FC44DF000461FB /* ParstagramTests.swift in Sources */,
			);
			runOnlyForDeploymentPostprocessing = 0;
		};
		23934E8225FC44DF000461FB /* Sources */ = {
			isa = PBXSourcesBuildPhase;
			buildActionMask = 2147483647;
			files = (
				23934E8B25FC44DF000461FB /* ParstagramUITests.swift in Sources */,
			);
			runOnlyForDeploymentPostprocessing = 0;
		};
/* End PBXSourcesBuildPhase section */

/* Begin PBXTargetDependency section */
		23934E7D25FC44DF000461FB /* PBXTargetDependency */ = {
			isa = PBXTargetDependency;
			target = 23934E6425FC44DE000461FB /* Parstagram */;
			targetProxy = 23934E7C25FC44DF000461FB /* PBXContainerItemProxy */;
		};
		23934E8825FC44DF000461FB /* PBXTargetDependency */ = {
			isa = PBXTargetDependency;
			target = 23934E6425FC44DE000461FB /* Parstagram */;
			targetProxy = 23934E8725FC44DF000461FB /* PBXContainerItemProxy */;
		};
/* End PBXTargetDependency section */

/* Begin PBXVariantGroup section */
		23934E6E25FC44DE000461FB /* Main.storyboard */ = {
			isa = PBXVariantGroup;
			children = (
				23934E6F25FC44DE000461FB /* Base */,
			);
			name = Main.storyboard;
			sourceTree = "<group>";
		};
		23934E7325FC44DF000461FB /* LaunchScreen.storyboard */ = {
			isa = PBXVariantGroup;
			children = (
				23934E7425FC44DF000461FB /* Base */,
			);
			name = LaunchScreen.storyboard;
			sourceTree = "<group>";
		};
/* End PBXVariantGroup section */

/* Begin XCBuildConfiguration section */
		23934E8D25FC44DF000461FB /* Debug */ = {
			isa = XCBuildConfiguration;
			buildSettings = {
				ALWAYS_SEARCH_USER_PATHS = NO;
				CLANG_ANALYZER_NONNULL = YES;
				CLANG_ANALYZER_NUMBER_OBJECT_CONVERSION = YES_AGGRESSIVE;
				CLANG_CXX_LANGUAGE_STANDARD = "gnu++14";
				CLANG_CXX_LIBRARY = "libc++";
				CLANG_ENABLE_MODULES = YES;
				CLANG_ENABLE_OBJC_ARC = YES;
				CLANG_ENABLE_OBJC_WEAK = YES;
				CLANG_WARN_BLOCK_CAPTURE_AUTORELEASING = YES;
				CLANG_WARN_BOOL_CONVERSION = YES;
				CLANG_WARN_COMMA = YES;
				CLANG_WARN_CONSTANT_CONVERSION = YES;
				CLANG_WARN_DEPRECATED_OBJC_IMPLEMENTATIONS = YES;
				CLANG_WARN_DIRECT_OBJC_ISA_USAGE = YES_ERROR;
				CLANG_WARN_DOCUMENTATION_COMMENTS = YES;
				CLANG_WARN_EMPTY_BODY = YES;
				CLANG_WARN_ENUM_CONVERSION = YES;
				CLANG_WARN_INFINITE_RECURSION = YES;
				CLANG_WARN_INT_CONVERSION = YES;
				CLANG_WARN_NON_LITERAL_NULL_CONVERSION = YES;
				CLANG_WARN_OBJC_IMPLICIT_RETAIN_SELF = YES;
				CLANG_WARN_OBJC_LITERAL_CONVERSION = YES;
				CLANG_WARN_OBJC_ROOT_CLASS = YES_ERROR;
				CLANG_WARN_QUOTED_INCLUDE_IN_FRAMEWORK_HEADER = YES;
				CLANG_WARN_RANGE_LOOP_ANALYSIS = YES;
				CLANG_WARN_STRICT_PROTOTYPES = YES;
				CLANG_WARN_SUSPICIOUS_MOVE = YES;
				CLANG_WARN_UNGUARDED_AVAILABILITY = YES_AGGRESSIVE;
				CLANG_WARN_UNREACHABLE_CODE = YES;
				CLANG_WARN__DUPLICATE_METHOD_MATCH = YES;
				COPY_PHASE_STRIP = NO;
				DEBUG_INFORMATION_FORMAT = dwarf;
				ENABLE_STRICT_OBJC_MSGSEND = YES;
				ENABLE_TESTABILITY = YES;
				GCC_C_LANGUAGE_STANDARD = gnu11;
				GCC_DYNAMIC_NO_PIC = NO;
				GCC_NO_COMMON_BLOCKS = YES;
				GCC_OPTIMIZATION_LEVEL = 0;
				GCC_PREPROCESSOR_DEFINITIONS = (
					"DEBUG=1",
					"$(inherited)",
				);
				GCC_WARN_64_TO_32_BIT_CONVERSION = YES;
				GCC_WARN_ABOUT_RETURN_TYPE = YES_ERROR;
				GCC_WARN_UNDECLARED_SELECTOR = YES;
				GCC_WARN_UNINITIALIZED_AUTOS = YES_AGGRESSIVE;
				GCC_WARN_UNUSED_FUNCTION = YES;
				GCC_WARN_UNUSED_VARIABLE = YES;
				IPHONEOS_DEPLOYMENT_TARGET = 14.4;
				MTL_ENABLE_DEBUG_INFO = INCLUDE_SOURCE;
				MTL_FAST_MATH = YES;
				ONLY_ACTIVE_ARCH = YES;
				SDKROOT = iphoneos;
				SWIFT_ACTIVE_COMPILATION_CONDITIONS = DEBUG;
				SWIFT_OPTIMIZATION_LEVEL = "-Onone";
			};
			name = Debug;
		};
		23934E8E25FC44DF000461FB /* Release */ = {
			isa = XCBuildConfiguration;
			buildSettings = {
				ALWAYS_SEARCH_USER_PATHS = NO;
				CLANG_ANALYZER_NONNULL = YES;
				CLANG_ANALYZER_NUMBER_OBJECT_CONVERSION = YES_AGGRESSIVE;
				CLANG_CXX_LANGUAGE_STANDARD = "gnu++14";
				CLANG_CXX_LIBRARY = "libc++";
				CLANG_ENABLE_MODULES = YES;
				CLANG_ENABLE_OBJC_ARC = YES;
				CLANG_ENABLE_OBJC_WEAK = YES;
				CLANG_WARN_BLOCK_CAPTURE_AUTORELEASING = YES;
				CLANG_WARN_BOOL_CONVERSION = YES;
				CLANG_WARN_COMMA = YES;
				CLANG_WARN_CONSTANT_CONVERSION = YES;
				CLANG_WARN_DEPRECATED_OBJC_IMPLEMENTATIONS = YES;
				CLANG_WARN_DIRECT_OBJC_ISA_USAGE = YES_ERROR;
				CLANG_WARN_DOCUMENTATION_COMMENTS = YES;
				CLANG_WARN_EMPTY_BODY = YES;
				CLANG_WARN_ENUM_CONVERSION = YES;
				CLANG_WARN_INFINITE_RECURSION = YES;
				CLANG_WARN_INT_CONVERSION = YES;
				CLANG_WARN_NON_LITERAL_NULL_CONVERSION = YES;
				CLANG_WARN_OBJC_IMPLICIT_RETAIN_SELF = YES;
				CLANG_WARN_OBJC_LITERAL_CONVERSION = YES;
				CLANG_WARN_OBJC_ROOT_CLASS = YES_ERROR;
				CLANG_WARN_QUOTED_INCLUDE_IN_FRAMEWORK_HEADER = YES;
				CLANG_WARN_RANGE_LOOP_ANALYSIS = YES;
				CLANG_WARN_STRICT_PROTOTYPES = YES;
				CLANG_WARN_SUSPICIOUS_MOVE = YES;
				CLANG_WARN_UNGUARDED_AVAILABILITY = YES_AGGRESSIVE;
				CLANG_WARN_UNREACHABLE_CODE = YES;
				CLANG_WARN__DUPLICATE_METHOD_MATCH = YES;
				COPY_PHASE_STRIP = NO;
				DEBUG_INFORMATION_FORMAT = "dwarf-with-dsym";
				ENABLE_NS_ASSERTIONS = NO;
				ENABLE_STRICT_OBJC_MSGSEND = YES;
				GCC_C_LANGUAGE_STANDARD = gnu11;
				GCC_NO_COMMON_BLOCKS = YES;
				GCC_WARN_64_TO_32_BIT_CONVERSION = YES;
				GCC_WARN_ABOUT_RETURN_TYPE = YES_ERROR;
				GCC_WARN_UNDECLARED_SELECTOR = YES;
				GCC_WARN_UNINITIALIZED_AUTOS = YES_AGGRESSIVE;
				GCC_WARN_UNUSED_FUNCTION = YES;
				GCC_WARN_UNUSED_VARIABLE = YES;
				IPHONEOS_DEPLOYMENT_TARGET = 14.4;
				MTL_ENABLE_DEBUG_INFO = NO;
				MTL_FAST_MATH = YES;
				SDKROOT = iphoneos;
				SWIFT_COMPILATION_MODE = wholemodule;
				SWIFT_OPTIMIZATION_LEVEL = "-O";
				VALIDATE_PRODUCT = YES;
			};
			name = Release;
		};
		23934E9025FC44DF000461FB /* Debug */ = {
			isa = XCBuildConfiguration;
			baseConfigurationReference = 711C7C3E045B00285EA89138 /* Pods-Parstagram.debug.xcconfig */;
			buildSettings = {
				ASSETCATALOG_COMPILER_APPICON_NAME = AppIcon;
				ASSETCATALOG_COMPILER_GLOBAL_ACCENT_COLOR_NAME = AccentColor;
				CODE_SIGN_STYLE = Automatic;
				INFOPLIST_FILE = Parstagram/Info.plist;
				LD_RUNPATH_SEARCH_PATHS = (
					"$(inherited)",
					"@executable_path/Frameworks",
				);
				PRODUCT_BUNDLE_IDENTIFIER = zenricka.Parstagram;
				PRODUCT_NAME = "$(TARGET_NAME)";
				SWIFT_VERSION = 5.0;
				TARGETED_DEVICE_FAMILY = "1,2";
			};
			name = Debug;
		};
		23934E9125FC44DF000461FB /* Release */ = {
			isa = XCBuildConfiguration;
			baseConfigurationReference = 480D0BC2F1AC5C91F6C21309 /* Pods-Parstagram.release.xcconfig */;
			buildSettings = {
				ASSETCATALOG_COMPILER_APPICON_NAME = AppIcon;
				ASSETCATALOG_COMPILER_GLOBAL_ACCENT_COLOR_NAME = AccentColor;
				CODE_SIGN_STYLE = Automatic;
				INFOPLIST_FILE = Parstagram/Info.plist;
				LD_RUNPATH_SEARCH_PATHS = (
					"$(inherited)",
					"@executable_path/Frameworks",
				);
				PRODUCT_BUNDLE_IDENTIFIER = zenricka.Parstagram;
				PRODUCT_NAME = "$(TARGET_NAME)";
				SWIFT_VERSION = 5.0;
				TARGETED_DEVICE_FAMILY = "1,2";
			};
			name = Release;
		};
		23934E9325FC44DF000461FB /* Debug */ = {
			isa = XCBuildConfiguration;
			baseConfigurationReference = EC656B0EA61520B669471F18 /* Pods-ParstagramTests.debug.xcconfig */;
			buildSettings = {
				ALWAYS_EMBED_SWIFT_STANDARD_LIBRARIES = YES;
				BUNDLE_LOADER = "$(TEST_HOST)";
				CODE_SIGN_STYLE = Automatic;
				INFOPLIST_FILE = ParstagramTests/Info.plist;
				IPHONEOS_DEPLOYMENT_TARGET = 14.4;
				LD_RUNPATH_SEARCH_PATHS = (
					"$(inherited)",
					"@executable_path/Frameworks",
					"@loader_path/Frameworks",
				);
				PRODUCT_BUNDLE_IDENTIFIER = zenricka.ParstagramTests;
				PRODUCT_NAME = "$(TARGET_NAME)";
				SWIFT_VERSION = 5.0;
				TARGETED_DEVICE_FAMILY = "1,2";
				TEST_HOST = "$(BUILT_PRODUCTS_DIR)/Parstagram.app/Parstagram";
			};
			name = Debug;
		};
		23934E9425FC44DF000461FB /* Release */ = {
			isa = XCBuildConfiguration;
			baseConfigurationReference = 306E849E67A8DEBA8B4DABFF /* Pods-ParstagramTests.release.xcconfig */;
			buildSettings = {
				ALWAYS_EMBED_SWIFT_STANDARD_LIBRARIES = YES;
				BUNDLE_LOADER = "$(TEST_HOST)";
				CODE_SIGN_STYLE = Automatic;
				INFOPLIST_FILE = ParstagramTests/Info.plist;
				IPHONEOS_DEPLOYMENT_TARGET = 14.4;
				LD_RUNPATH_SEARCH_PATHS = (
					"$(inherited)",
					"@executable_path/Frameworks",
					"@loader_path/Frameworks",
				);
				PRODUCT_BUNDLE_IDENTIFIER = zenricka.ParstagramTests;
				PRODUCT_NAME = "$(TARGET_NAME)";
				SWIFT_VERSION = 5.0;
				TARGETED_DEVICE_FAMILY = "1,2";
				TEST_HOST = "$(BUILT_PRODUCTS_DIR)/Parstagram.app/Parstagram";
			};
			name = Release;
		};
		23934E9625FC44DF000461FB /* Debug */ = {
			isa = XCBuildConfiguration;
			baseConfigurationReference = 700D6D60FCD9E3EC1D4C547B /* Pods-Parstagram-ParstagramUITests.debug.xcconfig */;
			buildSettings = {
				ALWAYS_EMBED_SWIFT_STANDARD_LIBRARIES = YES;
				CODE_SIGN_STYLE = Automatic;
				INFOPLIST_FILE = ParstagramUITests/Info.plist;
				LD_RUNPATH_SEARCH_PATHS = (
					"$(inherited)",
					"@executable_path/Frameworks",
					"@loader_path/Frameworks",
				);
				PRODUCT_BUNDLE_IDENTIFIER = zenricka.ParstagramUITests;
				PRODUCT_NAME = "$(TARGET_NAME)";
				SWIFT_VERSION = 5.0;
				TARGETED_DEVICE_FAMILY = "1,2";
				TEST_TARGET_NAME = Parstagram;
			};
			name = Debug;
		};
		23934E9725FC44DF000461FB /* Release */ = {
			isa = XCBuildConfiguration;
			baseConfigurationReference = 6F4EDE7912367D80205AF53C /* Pods-Parstagram-ParstagramUITests.release.xcconfig */;
			buildSettings = {
				ALWAYS_EMBED_SWIFT_STANDARD_LIBRARIES = YES;
				CODE_SIGN_STYLE = Automatic;
				INFOPLIST_FILE = ParstagramUITests/Info.plist;
				LD_RUNPATH_SEARCH_PATHS = (
					"$(inherited)",
					"@executable_path/Frameworks",
					"@loader_path/Frameworks",
				);
				PRODUCT_BUNDLE_IDENTIFIER = zenricka.ParstagramUITests;
				PRODUCT_NAME = "$(TARGET_NAME)";
				SWIFT_VERSION = 5.0;
				TARGETED_DEVICE_FAMILY = "1,2";
				TEST_TARGET_NAME = Parstagram;
			};
			name = Release;
		};
/* End XCBuildConfiguration section */

/* Begin XCConfigurationList section */
		23934E6025FC44DE000461FB /* Build configuration list for PBXProject "Parstagram" */ = {
			isa = XCConfigurationList;
			buildConfigurations = (
				23934E8D25FC44DF000461FB /* Debug */,
				23934E8E25FC44DF000461FB /* Release */,
			);
			defaultConfigurationIsVisible = 0;
			defaultConfigurationName = Release;
		};
		23934E8F25FC44DF000461FB /* Build configuration list for PBXNativeTarget "Parstagram" */ = {
			isa = XCConfigurationList;
			buildConfigurations = (
				23934E9025FC44DF000461FB /* Debug */,
				23934E9125FC44DF000461FB /* Release */,
			);
			defaultConfigurationIsVisible = 0;
			defaultConfigurationName = Release;
		};
		23934E9225FC44DF000461FB /* Build configuration list for PBXNativeTarget "ParstagramTests" */ = {
			isa = XCConfigurationList;
			buildConfigurations = (
				23934E9325FC44DF000461FB /* Debug */,
				23934E9425FC44DF000461FB /* Release */,
			);
			defaultConfigurationIsVisible = 0;
			defaultConfigurationName = Release;
		};
		23934E9525FC44DF000461FB /* Build configuration list for PBXNativeTarget "ParstagramUITests" */ = {
			isa = XCConfigurationList;
			buildConfigurations = (
				23934E9625FC44DF000461FB /* Debug */,
				23934E9725FC44DF000461FB /* Release */,
			);
			defaultConfigurationIsVisible = 0;
			defaultConfigurationName = Release;
		};
/* End XCConfigurationList section */
	};
	rootObject = 23934E5D25FC44DE000461FB /* Project object */;
}
